<Solution>
  <Folder Name="/src/Host/">
    <Project Path="src/Host/ArasERP.Host/ArasERP.Host.csproj" />
  </Folder>
  <Folder Name="/src/BuildingBlocks/">
    <Project Path="src/BuildingBlocks/ArasERP.BuildingBlocks/ArasERP.BuildingBlocks.csproj" />
  </Folder>
  <Folder Name="/src/Modules/" />
  <Folder Name="/src/Modules/Inventory/">
    <Project Path="src/Modules/Inventory/ArasERP.Modules.Inventory/ArasERP.Modules.Inventory.csproj" />
    <Project Path="src/Modules/Inventory/ArasERP.Modules.Inventory.Api/ArasERP.Modules.Inventory.Api.csproj" />
    <Project Path="src/Modules/Inventory/ArasERP.Modules.Inventory.Contracts/ArasERP.Modules.Inventory.Contracts.csproj" />
    <Project Path="src/Modules/Inventory/ArasERP.Modules.Inventory.Infrastructure/ArasERP.Modules.Inventory.Infrastructure.csproj" />
  </Folder>
  <Folder Name="/tests/">
    <Project Path="tests/ArasERP.Tests.Unit/ArasERP.Tests.Unit.csproj" />
    <Project Path="tests/ArasERP.Tests.Architecture/ArasERP.Tests.Architecture.csproj" />
  </Folder>
</Solution>
