<Solution>
  <Folder Name="/src/Host/">
    <Project Path="src/Host/ArasERP.Host/ArasERP.Host.csproj" />
  </Folder>
  <Folder Name="/src/BuildingBlocks/">
    <Project Path="src/BuildingBlocks/ArasERP.BuildingBlocks/ArasERP.BuildingBlocks.csproj" />
  </Folder>
  <Folder Name="/src/Modules/" />
</Solution>
