<Solution>
  <Folder Name="/src/Host/">
    <Project Path="src/Host/ArasERP.Host/ArasERP.Host.csproj" />
  </Folder>
  <Folder Name="/Docs/" />
  <Folder Name="/src/" />
  <Folder Name="/src/BuildingBlocks/">
    <Project Path="src/BuildingBlocks/ArasERP.BuildingBlocks/ArasERP.BuildingBlocks.csproj" />
  </Folder>
  <Folder Name="/src/Modules/" />
  <Folder Name="/src/Modules/Address/">
    <Project Path="src/Modules/Address/ArasERP.Modules.Address.Api/ArasERP.Modules.Address.Api.csproj" />
    <Project Path="src/Modules/Address/ArasERP.Modules.Address.Infrastructure/ArasERP.Modules.Address.Infrastructure.csproj" />
    <Project Path="src/Modules/Address/ArasERP.Modules.Address/ArasERP.Modules.Address.csproj" />
  </Folder>
  <Folder Name="/src/Modules/AddressClient/">
    <Project Path="src/Modules/AddressClient/ArasERP.Modules.AddressClient/ArasERP.Modules.AddressClient.csproj" />
  </Folder>
  <Folder Name="/src/Modules/Inventory/">
    <Project Path="src/Modules/Inventory/ArasERP.Modules.Inventory/ArasERP.Modules.Inventory.csproj" />
    <Project Path="src/Modules/Inventory/ArasERP.Modules.Inventory.Api/ArasERP.Modules.Inventory.Api.csproj" />
    <Project Path="src/Modules/Inventory/ArasERP.Modules.Inventory.Infrastructure/ArasERP.Modules.Inventory.Infrastructure.csproj" />
  </Folder>
  <Folder Name="/src/Integrations/">
    <Project Path="src/Integrations/ArasERP.Integrations/ArasERP.Integrations.csproj" />
    <Project Path="src/Integrations/ArasERP.Integrations.Infrastructure/ArasERP.Integrations.Infrastructure.csproj" />
    <Project Path="src/Integrations/ArasERP.Integrations.Api/ArasERP.Integrations.Api.csproj" />
  </Folder>
  <Folder Name="/tests/">
    <Project Path="tests/ArasERP.Tests.Unit/ArasERP.Tests.Unit.csproj" />
    <Project Path="tests/ArasERP.Tests.Architecture/ArasERP.Tests.Architecture.csproj" />
  </Folder>
</Solution>
